
Microsoft Visual Studio Solution File, Format Version 12.00
# Visual Studio Version 16
VisualStudioVersion = 16.0.29519.87
MinimumVisualStudioVersion = 10.0.40219.1
Project("{FAE04EC0-301F-11D3-BF4B-00C04F79EFBC}") = "ConsoleCsharp_Posts_CursoNelioAlves", "ConsoleCsharp_Posts_CursoNelioAlves\ConsoleCsharp_Posts_CursoNelioAlves.csproj", "{A91DD94A-96D8-42BF-A27B-16C32B24EA95}"
EndProject
Global
	GlobalSection(SolutionConfigurationPlatforms) = preSolution
		Debug|Any CPU = Debug|Any CPU
		Release|Any CPU = Release|Any CPU
	EndGlobalSection
	GlobalSection(ProjectConfigurationPlatforms) = postSolution
		{A91DD94A-96D8-42BF-A27B-16C32B24EA95}.Debug|Any CPU.ActiveCfg = Debug|Any CPU
		{A91DD94A-96D8-42BF-A27B-16C32B24EA95}.Debug|Any CPU.Build.0 = Debug|Any CPU
		{A91DD94A-96D8-42BF-A27B-16C32B24EA95}.Release|Any CPU.ActiveCfg = Release|Any CPU
		{A91DD94A-96D8-42BF-A27B-16C32B24EA95}.Release|Any CPU.Build.0 = Release|Any CPU
	EndGlobalSection
	GlobalSection(SolutionProperties) = preSolution
		HideSolutionNode = FALSE
	EndGlobalSection
	GlobalSection(ExtensibilityGlobals) = postSolution
		SolutionGuid = {8C2E7CB7-F95A-444A-B4DD-FD5146EC680E}
	EndGlobalSection
EndGlobal
